// !$*UTF8*$!
{
	archiveVersion = 1;
	classes = {
	};
	objectVersion = 51;
	objects = {

/* Begin PBXBuildFile section */
		9D00D6FD2732A92100898DC0 /* WaterfallViewCell.swift in Sources */ = {isa = PBXBuildFile; fileRef = 9D00D6FC2732A92100898DC0 /* WaterfallViewCell.swift */; };
		9D0B264F2733C41C009DD654 /* myTabBarController.swift in Sources */ = {isa = PBXBuildFile; fileRef = 9D0B264E2733C41C009DD654 /* myTabBarController.swift */; };
		9D187326272F836D007D34FB /* AppDelegate.swift in Sources */ = {isa = PBXBuildFile; fileRef = 9D187325272F836D007D34FB /* AppDelegate.swift */; };
		9D187328272F836D007D34FB /* SceneDelegate.swift in Sources */ = {isa = PBXBuildFile; fileRef = 9D187327272F836D007D34FB /* SceneDelegate.swift */; };
		9D18732D272F836D007D34FB /* Main.storyboard in Resources */ = {isa = PBXBuildFile; fileRef = 9D18732B272F836D007D34FB /* Main.storyboard */; };
		9D187330272F836D007D34FB /* TabBarTest.xcdatamodeld in Sources */ = {isa = PBXBuildFile; fileRef = 9D18732E272F836D007D34FB /* TabBarTest.xcdatamodeld */; };
		9D187332272F8370007D34FB /* Assets.xcassets in Resources */ = {isa = PBXBuildFile; fileRef = 9D187331272F8370007D34FB /* Assets.xcassets */; };
		9D187335272F8370007D34FB /* LaunchScreen.storyboard in Resources */ = {isa = PBXBuildFile; fileRef = 9D187333272F8370007D34FB /* LaunchScreen.storyboard */; };
		9D194B2A274FB29300E50A10 /* NoteEditVC-Config.swift in Sources */ = {isa = PBXBuildFile; fileRef = 9D194B29274FB29300E50A10 /* NoteEditVC-Config.swift */; };
		9D194B2C274FB4F800E50A10 /* NoteEditVC-DraftNote.swift in Sources */ = {isa = PBXBuildFile; fileRef = 9D194B2B274FB4F800E50A10 /* NoteEditVC-DraftNote.swift */; };
		9D194B2E274FBBED00E50A10 /* MyVC.swift in Sources */ = {isa = PBXBuildFile; fileRef = 9D194B2D274FBBED00E50A10 /* MyVC.swift */; };
		9D3E9C7D273D6F2700863775 /* KeyBoardInputAccessory.swift in Sources */ = {isa = PBXBuildFile; fileRef = 9D3E9C7C273D6F2700863775 /* KeyBoardInputAccessory.swift */; };
		9D598645273F60F9007C1E7A /* SearchLocationVC.swift in Sources */ = {isa = PBXBuildFile; fileRef = 9D598644273F60F9007C1E7A /* SearchLocationVC.swift */; };
		9D598647273FE14B007C1E7A /* SearchLocationCell.swift in Sources */ = {isa = PBXBuildFile; fileRef = 9D598646273FE14B007C1E7A /* SearchLocationCell.swift */; };
		9D604DA7273E023F00DF7949 /* KeyBoardInputAccessory.xib in Resources */ = {isa = PBXBuildFile; fileRef = 9D604DA6273E023F00DF7949 /* KeyBoardInputAccessory.xib */; };
		9D73BA7F273E5C090036F63C /* TopicViewController.swift in Sources */ = {isa = PBXBuildFile; fileRef = 9D73BA7E273E5C090036F63C /* TopicViewController.swift */; };
		9D73BA81273E5F390036F63C /* TopicTableViewController.swift in Sources */ = {isa = PBXBuildFile; fileRef = 9D73BA80273E5F390036F63C /* TopicTableViewController.swift */; };
		9D73BA87273E7C0E0036F63C /* Protocol.swift in Sources */ = {isa = PBXBuildFile; fileRef = 9D73BA86273E7C0E0036F63C /* Protocol.swift */; };
		9D79F92A2738CD62004C33D6 /* PostVC.swift in Sources */ = {isa = PBXBuildFile; fileRef = 9D79F9292738CD62004C33D6 /* PostVC.swift */; };
		9D79F92C2738D12B004C33D6 /* NoteEditVC.swift in Sources */ = {isa = PBXBuildFile; fileRef = 9D79F92B2738D12B004C33D6 /* NoteEditVC.swift */; };
		9D79F92E2738DD2A004C33D6 /* photoCell.swift in Sources */ = {isa = PBXBuildFile; fileRef = 9D79F92D2738DD2A004C33D6 /* photoCell.swift */; };
		9D79F93227391117004C33D6 /* Extensions.swift in Sources */ = {isa = PBXBuildFile; fileRef = 9D79F93127391117004C33D6 /* Extensions.swift */; };
		9D79F95527393DF7004C33D6 /* PhotoFooter.swift in Sources */ = {isa = PBXBuildFile; fileRef = 9D79F95427393DF7004C33D6 /* PhotoFooter.swift */; };
		9D835CA52730165E00229187 /* XLTabVC.swift in Sources */ = {isa = PBXBuildFile; fileRef = 9D835CA42730165E00229187 /* XLTabVC.swift */; };
		9DBE99B027451F5C00ED040E /* DraftWaterfallCell.swift in Sources */ = {isa = PBXBuildFile; fileRef = 9DBE99AF27451F5C00ED040E /* DraftWaterfallCell.swift */; };
		9DCDB2E627400D9D00DFBC08 /* SearchLocationVC-Config.swift in Sources */ = {isa = PBXBuildFile; fileRef = 9DCDB2E527400D9D00DFBC08 /* SearchLocationVC-Config.swift */; };
		9DCDB2E827400DE900DFBC08 /* SearchLocationVC-Request.swift in Sources */ = {isa = PBXBuildFile; fileRef = 9DCDB2E727400DE900DFBC08 /* SearchLocationVC-Request.swift */; };
		9DD0585B27312B6B00543DC9 /* FollowVC.swift in Sources */ = {isa = PBXBuildFile; fileRef = 9DD0585A27312B6B00543DC9 /* FollowVC.swift */; };
		9DD0585D27312B7B00543DC9 /* NearbyVC.swift in Sources */ = {isa = PBXBuildFile; fileRef = 9DD0585C27312B7B00543DC9 /* NearbyVC.swift */; };
		9DD0585F27312B9100543DC9 /* DiscoverVC.swift in Sources */ = {isa = PBXBuildFile; fileRef = 9DD0585E27312B9100543DC9 /* DiscoverVC.swift */; };
		9DD0586127312C0D00543DC9 /* Constant.swift in Sources */ = {isa = PBXBuildFile; fileRef = 9DD0586027312C0D00543DC9 /* Constant.swift */; };
		9DD058642731796000543DC9 /* WaterfallVC.swift in Sources */ = {isa = PBXBuildFile; fileRef = 9DD058632731796000543DC9 /* WaterfallVC.swift */; };
		9DD0E9D2273A9BBB0021B6D6 /* .gitignore in Resources */ = {isa = PBXBuildFile; fileRef = 9DD0E9D1273A9BBB0021B6D6 /* .gitignore */; };
		9DD0E9DC273BEB230021B6D6 /* NoteEditVC-Extension.swift in Sources */ = {isa = PBXBuildFile; fileRef = 9DD0E9DB273BEB230021B6D6 /* NoteEditVC-Extension.swift */; };
		9DE1926527526462002542D2 /* LoginVC.swift in Sources */ = {isa = PBXBuildFile; fileRef = 9DE1926427526462002542D2 /* LoginVC.swift */; };
		F5611DE3F0AEB237BA98E157 /* Pods_TabBarTest.framework in Frameworks */ = {isa = PBXBuildFile; fileRef = DD221B80D581E1287C175D7D /* Pods_TabBarTest.framework */; };
/* End PBXBuildFile section */

/* Begin PBXFileReference section */
		9184926228C5FCB511272CDF /* Pods-TabBarTest.release.xcconfig */ = {isa = PBXFileReference; includeInIndex = 1; lastKnownFileType = text.xcconfig; name = "Pods-TabBarTest.release.xcconfig"; path = "Target Support Files/Pods-TabBarTest/Pods-TabBarTest.release.xcconfig"; sourceTree = "<group>"; };
		9D00D6FC2732A92100898DC0 /* WaterfallViewCell.swift */ = {isa = PBXFileReference; lastKnownFileType = sourcecode.swift; path = WaterfallViewCell.swift; sourceTree = "<group>"; };
		9D0B264E2733C41C009DD654 /* myTabBarController.swift */ = {isa = PBXFileReference; lastKnownFileType = sourcecode.swift; path = myTabBarController.swift; sourceTree = "<group>"; };
		9D187322272F836D007D34FB /* TabBarTest.app */ = {isa = PBXFileReference; explicitFileType = wrapper.application; includeInIndex = 0; path = TabBarTest.app; sourceTree = BUILT_PRODUCTS_DIR; };
		9D187325272F836D007D34FB /* AppDelegate.swift */ = {isa = PBXFileReference; lastKnownFileType = sourcecode.swift; path = AppDelegate.swift; sourceTree = "<group>"; };
		9D187327272F836D007D34FB /* SceneDelegate.swift */ = {isa = PBXFileReference; lastKnownFileType = sourcecode.swift; path = SceneDelegate.swift; sourceTree = "<group>"; };
		9D18732C272F836D007D34FB /* Base */ = {isa = PBXFileReference; lastKnownFileType = file.storyboard; name = Base; path = Base.lproj/Main.storyboard; sourceTree = "<group>"; };
		9D18732F272F836D007D34FB /* TabBarTest.xcdatamodel */ = {isa = PBXFileReference; lastKnownFileType = wrapper.xcdatamodel; path = TabBarTest.xcdatamodel; sourceTree = "<group>"; };
		9D187331272F8370007D34FB /* Assets.xcassets */ = {isa = PBXFileReference; lastKnownFileType = folder.assetcatalog; path = Assets.xcassets; sourceTree = "<group>"; };
		9D187334272F8370007D34FB /* Base */ = {isa = PBXFileReference; lastKnownFileType = file.storyboard; name = Base; path = Base.lproj/LaunchScreen.storyboard; sourceTree = "<group>"; };
		9D187336272F8370007D34FB /* Info.plist */ = {isa = PBXFileReference; lastKnownFileType = text.plist.xml; path = Info.plist; sourceTree = "<group>"; };
		9D194B29274FB29300E50A10 /* NoteEditVC-Config.swift */ = {isa = PBXFileReference; lastKnownFileType = sourcecode.swift; path = "NoteEditVC-Config.swift"; sourceTree = "<group>"; };
		9D194B2B274FB4F800E50A10 /* NoteEditVC-DraftNote.swift */ = {isa = PBXFileReference; lastKnownFileType = sourcecode.swift; path = "NoteEditVC-DraftNote.swift"; sourceTree = "<group>"; };
		9D194B2D274FBBED00E50A10 /* MyVC.swift */ = {isa = PBXFileReference; lastKnownFileType = sourcecode.swift; path = MyVC.swift; sourceTree = "<group>"; };
		9D3E9C7C273D6F2700863775 /* KeyBoardInputAccessory.swift */ = {isa = PBXFileReference; lastKnownFileType = sourcecode.swift; path = KeyBoardInputAccessory.swift; sourceTree = "<group>"; };
		9D598644273F60F9007C1E7A /* SearchLocationVC.swift */ = {isa = PBXFileReference; lastKnownFileType = sourcecode.swift; path = SearchLocationVC.swift; sourceTree = "<group>"; };
		9D598646273FE14B007C1E7A /* SearchLocationCell.swift */ = {isa = PBXFileReference; lastKnownFileType = sourcecode.swift; path = SearchLocationCell.swift; sourceTree = "<group>"; };
		9D604DA6273E023F00DF7949 /* KeyBoardInputAccessory.xib */ = {isa = PBXFileReference; lastKnownFileType = file.xib; path = KeyBoardInputAccessory.xib; sourceTree = "<group>"; };
		9D73BA7E273E5C090036F63C /* TopicViewController.swift */ = {isa = PBXFileReference; lastKnownFileType = sourcecode.swift; path = TopicViewController.swift; sourceTree = "<group>"; };
		9D73BA80273E5F390036F63C /* TopicTableViewController.swift */ = {isa = PBXFileReference; lastKnownFileType = sourcecode.swift; path = TopicTableViewController.swift; sourceTree = "<group>"; };
		9D73BA86273E7C0E0036F63C /* Protocol.swift */ = {isa = PBXFileReference; lastKnownFileType = sourcecode.swift; path = Protocol.swift; sourceTree = "<group>"; };
		9D79F9292738CD62004C33D6 /* PostVC.swift */ = {isa = PBXFileReference; lastKnownFileType = sourcecode.swift; path = PostVC.swift; sourceTree = "<group>"; };
		9D79F92B2738D12B004C33D6 /* NoteEditVC.swift */ = {isa = PBXFileReference; lastKnownFileType = sourcecode.swift; path = NoteEditVC.swift; sourceTree = "<group>"; };
		9D79F92D2738DD2A004C33D6 /* photoCell.swift */ = {isa = PBXFileReference; lastKnownFileType = sourcecode.swift; path = photoCell.swift; sourceTree = "<group>"; };
		9D79F93127391117004C33D6 /* Extensions.swift */ = {isa = PBXFileReference; lastKnownFileType = sourcecode.swift; path = Extensions.swift; sourceTree = "<group>"; };
		9D79F95427393DF7004C33D6 /* PhotoFooter.swift */ = {isa = PBXFileReference; lastKnownFileType = sourcecode.swift; path = PhotoFooter.swift; sourceTree = "<group>"; };
		9D835CA42730165E00229187 /* XLTabVC.swift */ = {isa = PBXFileReference; lastKnownFileType = sourcecode.swift; path = XLTabVC.swift; sourceTree = "<group>"; };
		9DBE99AF27451F5C00ED040E /* DraftWaterfallCell.swift */ = {isa = PBXFileReference; lastKnownFileType = sourcecode.swift; path = DraftWaterfallCell.swift; sourceTree = "<group>"; };
		9DCDB2E527400D9D00DFBC08 /* SearchLocationVC-Config.swift */ = {isa = PBXFileReference; lastKnownFileType = sourcecode.swift; path = "SearchLocationVC-Config.swift"; sourceTree = "<group>"; };
		9DCDB2E727400DE900DFBC08 /* SearchLocationVC-Request.swift */ = {isa = PBXFileReference; lastKnownFileType = sourcecode.swift; path = "SearchLocationVC-Request.swift"; sourceTree = "<group>"; };
		9DD0585A27312B6B00543DC9 /* FollowVC.swift */ = {isa = PBXFileReference; lastKnownFileType = sourcecode.swift; path = FollowVC.swift; sourceTree = "<group>"; };
		9DD0585C27312B7B00543DC9 /* NearbyVC.swift */ = {isa = PBXFileReference; lastKnownFileType = sourcecode.swift; path = NearbyVC.swift; sourceTree = "<group>"; };
		9DD0585E27312B9100543DC9 /* DiscoverVC.swift */ = {isa = PBXFileReference; lastKnownFileType = sourcecode.swift; path = DiscoverVC.swift; sourceTree = "<group>"; };
		9DD0586027312C0D00543DC9 /* Constant.swift */ = {isa = PBXFileReference; lastKnownFileType = sourcecode.swift; path = Constant.swift; sourceTree = "<group>"; };
		9DD058632731796000543DC9 /* WaterfallVC.swift */ = {isa = PBXFileReference; lastKnownFileType = sourcecode.swift; path = WaterfallVC.swift; sourceTree = "<group>"; };
		9DD0E9D1273A9BBB0021B6D6 /* .gitignore */ = {isa = PBXFileReference; lastKnownFileType = text; path = .gitignore; sourceTree = "<group>"; };
		9DD0E9D4273B5B460021B6D6 /* Pink-Header-Bridging.h */ = {isa = PBXFileReference; lastKnownFileType = sourcecode.c.h; path = "Pink-Header-Bridging.h"; sourceTree = "<group>"; };
		9DD0E9DB273BEB230021B6D6 /* NoteEditVC-Extension.swift */ = {isa = PBXFileReference; lastKnownFileType = sourcecode.swift; path = "NoteEditVC-Extension.swift"; sourceTree = "<group>"; };
		9DE1926427526462002542D2 /* LoginVC.swift */ = {isa = PBXFileReference; lastKnownFileType = sourcecode.swift; path = LoginVC.swift; sourceTree = "<group>"; };
		B74CF6CBF8D6F9B733513C43 /* Pods-TabBarTest.debug.xcconfig */ = {isa = PBXFileReference; includeInIndex = 1; lastKnownFileType = text.xcconfig; name = "Pods-TabBarTest.debug.xcconfig"; path = "Target Support Files/Pods-TabBarTest/Pods-TabBarTest.debug.xcconfig"; sourceTree = "<group>"; };
		DD221B80D581E1287C175D7D /* Pods_TabBarTest.framework */ = {isa = PBXFileReference; explicitFileType = wrapper.framework; includeInIndex = 0; path = Pods_TabBarTest.framework; sourceTree = BUILT_PRODUCTS_DIR; };
/* End PBXFileReference section */

/* Begin PBXFrameworksBuildPhase section */
		9D18731F272F836D007D34FB /* Frameworks */ = {
			isa = PBXFrameworksBuildPhase;
			buildActionMask = 2147483647;
			files = (
				F5611DE3F0AEB237BA98E157 /* Pods_TabBarTest.framework in Frameworks */,
			);
			runOnlyForDeploymentPostprocessing = 0;
		};
/* End PBXFrameworksBuildPhase section */

/* Begin PBXGroup section */
		28C6D26E9F85E5F6FB2E783F /* Pods */ = {
			isa = PBXGroup;
			children = (
				B74CF6CBF8D6F9B733513C43 /* Pods-TabBarTest.debug.xcconfig */,
				9184926228C5FCB511272CDF /* Pods-TabBarTest.release.xcconfig */,
			);
			path = Pods;
			sourceTree = "<group>";
		};
		6B47AC2DDB28DED657A2C2D9 /* Frameworks */ = {
			isa = PBXGroup;
			children = (
				DD221B80D581E1287C175D7D /* Pods_TabBarTest.framework */,
			);
			name = Frameworks;
			sourceTree = "<group>";
		};
		9D00D7002732BE6800898DC0 /* Waterfall */ = {
			isa = PBXGroup;
			children = (
				9DD058632731796000543DC9 /* WaterfallVC.swift */,
				9D00D6FC2732A92100898DC0 /* WaterfallViewCell.swift */,
				9DBE99AF27451F5C00ED040E /* DraftWaterfallCell.swift */,
			);
			path = Waterfall;
			sourceTree = "<group>";
		};
		9D00D7012732BE8400898DC0 /* View */ = {
			isa = PBXGroup;
			children = (
				9D18732B272F836D007D34FB /* Main.storyboard */,
				9D187333272F8370007D34FB /* LaunchScreen.storyboard */,
			);
			path = View;
			sourceTree = "<group>";
		};
		9D00D7022732BE8D00898DC0 /* Common */ = {
			isa = PBXGroup;
			children = (
				9DD0586027312C0D00543DC9 /* Constant.swift */,
			);
			path = Common;
			sourceTree = "<group>";
		};
		9D04F5B7274F335E00858014 /* My */ = {
			isa = PBXGroup;
			children = (
				9D194B2D274FBBED00E50A10 /* MyVC.swift */,
			);
			path = My;
			sourceTree = "<group>";
		};
		9D187319272F836D007D34FB = {
			isa = PBXGroup;
			children = (
				9DD0E9D1273A9BBB0021B6D6 /* .gitignore */,
				9D187324272F836D007D34FB /* TabBarTest */,
				9D187323272F836D007D34FB /* Products */,
				28C6D26E9F85E5F6FB2E783F /* Pods */,
				6B47AC2DDB28DED657A2C2D9 /* Frameworks */,
			);
			sourceTree = "<group>";
		};
		9D187323272F836D007D34FB /* Products */ = {
			isa = PBXGroup;
			children = (
				9D187322272F836D007D34FB /* TabBarTest.app */,
			);
			name = Products;
			sourceTree = "<group>";
		};
		9D187324272F836D007D34FB /* TabBarTest */ = {
			isa = PBXGroup;
			children = (
				9D187325272F836D007D34FB /* AppDelegate.swift */,
				9D187327272F836D007D34FB /* SceneDelegate.swift */,
				9D0B264E2733C41C009DD654 /* myTabBarController.swift */,
				9DE1926627526471002542D2 /* Login */,
				9D04F5B7274F335E00858014 /* My */,
				9D79F93027390B27004C33D6 /* Post */,
				9DD0586227312C6C00543DC9 /* Home */,
				9D00D7012732BE8400898DC0 /* View */,
				9D00D7022732BE8D00898DC0 /* Common */,
				9D79F9332739118B004C33D6 /* Extensions */,
				9D73BA88273E7C290036F63C /* Protocol */,
				9D187331272F8370007D34FB /* Assets.xcassets */,
				9D18732E272F836D007D34FB /* TabBarTest.xcdatamodeld */,
				9D187336272F8370007D34FB /* Info.plist */,
				9DD0E9D4273B5B460021B6D6 /* Pink-Header-Bridging.h */,
			);
			path = TabBarTest;
			sourceTree = "<group>";
		};
		9D598648273FE152007C1E7A /* SearchLocation */ = {
			isa = PBXGroup;
			children = (
				9D598644273F60F9007C1E7A /* SearchLocationVC.swift */,
				9DCDB2E727400DE900DFBC08 /* SearchLocationVC-Request.swift */,
				9DCDB2E527400D9D00DFBC08 /* SearchLocationVC-Config.swift */,
				9D598646273FE14B007C1E7A /* SearchLocationCell.swift */,
			);
			path = SearchLocation;
			sourceTree = "<group>";
		};
		9D73BA82273E5F430036F63C /* TopicSelect */ = {
			isa = PBXGroup;
			children = (
				9D73BA7E273E5C090036F63C /* TopicViewController.swift */,
				9D73BA80273E5F390036F63C /* TopicTableViewController.swift */,
			);
			path = TopicSelect;
			sourceTree = "<group>";
		};
		9D73BA88273E7C290036F63C /* Protocol */ = {
			isa = PBXGroup;
			children = (
				9D73BA86273E7C0E0036F63C /* Protocol.swift */,
			);
			path = Protocol;
			sourceTree = "<group>";
		};
		9D79F92F27390ABF004C33D6 /* Discovery */ = {
			isa = PBXGroup;
			children = (
				9DD0585E27312B9100543DC9 /* DiscoverVC.swift */,
				9D00D7002732BE6800898DC0 /* Waterfall */,
			);
			path = Discovery;
			sourceTree = "<group>";
		};
		9D79F93027390B27004C33D6 /* Post */ = {
			isa = PBXGroup;
			children = (
				9D79F9292738CD62004C33D6 /* PostVC.swift */,
				9D79F95627393E1A004C33D6 /* Note */,
			);
			path = Post;
			sourceTree = "<group>";
		};
		9D79F9332739118B004C33D6 /* Extensions */ = {
			isa = PBXGroup;
			children = (
				9D79F93127391117004C33D6 /* Extensions.swift */,
			);
			path = Extensions;
			sourceTree = "<group>";
		};
		9D79F95627393E1A004C33D6 /* Note */ = {
			isa = PBXGroup;
			children = (
				9D79F92B2738D12B004C33D6 /* NoteEditVC.swift */,
				9DD0E9DB273BEB230021B6D6 /* NoteEditVC-Extension.swift */,
				9D194B29274FB29300E50A10 /* NoteEditVC-Config.swift */,
				9D194B2B274FB4F800E50A10 /* NoteEditVC-DraftNote.swift */,
				9D73BA82273E5F430036F63C /* TopicSelect */,
				9D598648273FE152007C1E7A /* SearchLocation */,
				9D3E9C7C273D6F2700863775 /* KeyBoardInputAccessory.swift */,
				9D604DA6273E023F00DF7949 /* KeyBoardInputAccessory.xib */,
				9D79F92D2738DD2A004C33D6 /* photoCell.swift */,
				9D79F95427393DF7004C33D6 /* PhotoFooter.swift */,
			);
			path = Note;
			sourceTree = "<group>";
		};
		9DD0586227312C6C00543DC9 /* Home */ = {
			isa = PBXGroup;
			children = (
				9D835CA42730165E00229187 /* XLTabVC.swift */,
				9D79F92F27390ABF004C33D6 /* Discovery */,
				9DD0585A27312B6B00543DC9 /* FollowVC.swift */,
				9DD0585C27312B7B00543DC9 /* NearbyVC.swift */,
			);
			path = Home;
			sourceTree = "<group>";
		};
		9DE1926627526471002542D2 /* Login */ = {
			isa = PBXGroup;
			children = (
				9DE1926427526462002542D2 /* LoginVC.swift */,
			);
			path = Login;
			sourceTree = "<group>";
		};
/* End PBXGroup section */

/* Begin PBXNativeTarget section */
		9D187321272F836D007D34FB /* TabBarTest */ = {
			isa = PBXNativeTarget;
			buildConfigurationList = 9D187339272F8370007D34FB /* Build configuration list for PBXNativeTarget "TabBarTest" */;
			buildPhases = (
				8672049F1A5B55D0D129C5FD /* [CP] Check Pods Manifest.lock */,
				9D18731E272F836D007D34FB /* Sources */,
				9D18731F272F836D007D34FB /* Frameworks */,
				9D187320272F836D007D34FB /* Resources */,
				B5C26F30F894FBAF22077347 /* [CP] Embed Pods Frameworks */,
			);
			buildRules = (
			);
			dependencies = (
			);
			name = TabBarTest;
			productName = TabBarTest;
			productReference = 9D187322272F836D007D34FB /* TabBarTest.app */;
			productType = "com.apple.product-type.application";
		};
/* End PBXNativeTarget section */

/* Begin PBXProject section */
		9D18731A272F836D007D34FB /* Project object */ = {
			isa = PBXProject;
			attributes = {
				LastSwiftUpdateCheck = 1250;
				LastUpgradeCheck = 1250;
				TargetAttributes = {
					9D187321272F836D007D34FB = {
						CreatedOnToolsVersion = 12.5.1;
					};
				};
			};
			buildConfigurationList = 9D18731D272F836D007D34FB /* Build configuration list for PBXProject "TabBarTest" */;
			compatibilityVersion = "Xcode 9.3";
			developmentRegion = en;
			hasScannedForEncodings = 0;
			knownRegions = (
				en,
				Base,
			);
			mainGroup = 9D187319272F836D007D34FB;
			productRefGroup = 9D187323272F836D007D34FB /* Products */;
			projectDirPath = "";
			projectRoot = "";
			targets = (
				9D187321272F836D007D34FB /* TabBarTest */,
			);
		};
/* End PBXProject section */

/* Begin PBXResourcesBuildPhase section */
		9D187320272F836D007D34FB /* Resources */ = {
			isa = PBXResourcesBuildPhase;
			buildActionMask = 2147483647;
			files = (
				9D604DA7273E023F00DF7949 /* KeyBoardInputAccessory.xib in Resources */,
				9DD0E9D2273A9BBB0021B6D6 /* .gitignore in Resources */,
				9D187335272F8370007D34FB /* LaunchScreen.storyboard in Resources */,
				9D187332272F8370007D34FB /* Assets.xcassets in Resources */,
				9D18732D272F836D007D34FB /* Main.storyboard in Resources */,
			);
			runOnlyForDeploymentPostprocessing = 0;
		};
/* End PBXResourcesBuildPhase section */

/* Begin PBXShellScriptBuildPhase section */
		8672049F1A5B55D0D129C5FD /* [CP] Check Pods Manifest.lock */ = {
			isa = PBXShellScriptBuildPhase;
			buildActionMask = 2147483647;
			files = (
			);
			inputFileListPaths = (
			);
			inputPaths = (
				"${PODS_PODFILE_DIR_PATH}/Podfile.lock",
				"${PODS_ROOT}/Manifest.lock",
			);
			name = "[CP] Check Pods Manifest.lock";
			outputFileListPaths = (
			);
			outputPaths = (
				"$(DERIVED_FILE_DIR)/Pods-TabBarTest-checkManifestLockResult.txt",
			);
			runOnlyForDeploymentPostprocessing = 0;
			shellPath = /bin/sh;
			shellScript = "diff \"${PODS_PODFILE_DIR_PATH}/Podfile.lock\" \"${PODS_ROOT}/Manifest.lock\" > /dev/null\nif [ $? != 0 ] ; then\n    # print error to STDERR\n    echo \"error: The sandbox is not in sync with the Podfile.lock. Run 'pod install' or update your CocoaPods installation.\" >&2\n    exit 1\nfi\n# This output is used by Xcode 'outputs' to avoid re-running this script phase.\necho \"SUCCESS\" > \"${SCRIPT_OUTPUT_FILE_0}\"\n";
			showEnvVarsInLog = 0;
		};
		B5C26F30F894FBAF22077347 /* [CP] Embed Pods Frameworks */ = {
			isa = PBXShellScriptBuildPhase;
			buildActionMask = 2147483647;
			files = (
			);
			inputFileListPaths = (
				"${PODS_ROOT}/Target Support Files/Pods-TabBarTest/Pods-TabBarTest-frameworks-${CONFIGURATION}-input-files.xcfilelist",
			);
			name = "[CP] Embed Pods Frameworks";
			outputFileListPaths = (
				"${PODS_ROOT}/Target Support Files/Pods-TabBarTest/Pods-TabBarTest-frameworks-${CONFIGURATION}-output-files.xcfilelist",
			);
			runOnlyForDeploymentPostprocessing = 0;
			shellPath = /bin/sh;
			shellScript = "\"${PODS_ROOT}/Target Support Files/Pods-TabBarTest/Pods-TabBarTest-frameworks.sh\"\n";
			showEnvVarsInLog = 0;
		};
/* End PBXShellScriptBuildPhase section */

/* Begin PBXSourcesBuildPhase section */
		9D18731E272F836D007D34FB /* Sources */ = {
			isa = PBXSourcesBuildPhase;
			buildActionMask = 2147483647;
			files = (
				9DBE99B027451F5C00ED040E /* DraftWaterfallCell.swift in Sources */,
				9D79F92A2738CD62004C33D6 /* PostVC.swift in Sources */,
				9DCDB2E827400DE900DFBC08 /* SearchLocationVC-Request.swift in Sources */,
				9D598645273F60F9007C1E7A /* SearchLocationVC.swift in Sources */,
				9DD0E9DC273BEB230021B6D6 /* NoteEditVC-Extension.swift in Sources */,
				9DCDB2E627400D9D00DFBC08 /* SearchLocationVC-Config.swift in Sources */,
				9D835CA52730165E00229187 /* XLTabVC.swift in Sources */,
				9D73BA81273E5F390036F63C /* TopicTableViewController.swift in Sources */,
				9DD058642731796000543DC9 /* WaterfallVC.swift in Sources */,
				9D194B2E274FBBED00E50A10 /* MyVC.swift in Sources */,
				9D3E9C7D273D6F2700863775 /* KeyBoardInputAccessory.swift in Sources */,
				9DD0585F27312B9100543DC9 /* DiscoverVC.swift in Sources */,
				9D73BA7F273E5C090036F63C /* TopicViewController.swift in Sources */,
				9D194B2C274FB4F800E50A10 /* NoteEditVC-DraftNote.swift in Sources */,
				9DE1926527526462002542D2 /* LoginVC.swift in Sources */,
				9D0B264F2733C41C009DD654 /* myTabBarController.swift in Sources */,
				9D194B2A274FB29300E50A10 /* NoteEditVC-Config.swift in Sources */,
				9D79F95527393DF7004C33D6 /* PhotoFooter.swift in Sources */,
				9D187326272F836D007D34FB /* AppDelegate.swift in Sources */,
				9D79F92C2738D12B004C33D6 /* NoteEditVC.swift in Sources */,
				9DD0586127312C0D00543DC9 /* Constant.swift in Sources */,
				9D598647273FE14B007C1E7A /* SearchLocationCell.swift in Sources */,
				9D79F92E2738DD2A004C33D6 /* photoCell.swift in Sources */,
				9DD0585B27312B6B00543DC9 /* FollowVC.swift in Sources */,
				9D79F93227391117004C33D6 /* Extensions.swift in Sources */,
				9D73BA87273E7C0E0036F63C /* Protocol.swift in Sources */,
				9D187328272F836D007D34FB /* SceneDelegate.swift in Sources */,
				9D00D6FD2732A92100898DC0 /* WaterfallViewCell.swift in Sources */,
				9D187330272F836D007D34FB /* TabBarTest.xcdatamodeld in Sources */,
				9DD0585D27312B7B00543DC9 /* NearbyVC.swift in Sources */,
			);
			runOnlyForDeploymentPostprocessing = 0;
		};
/* End PBXSourcesBuildPhase section */

/* Begin PBXVariantGroup section */
		9D18732B272F836D007D34FB /* Main.storyboard */ = {
			isa = PBXVariantGroup;
			children = (
				9D18732C272F836D007D34FB /* Base */,
			);
			name = Main.storyboard;
			sourceTree = "<group>";
		};
		9D187333272F8370007D34FB /* LaunchScreen.storyboard */ = {
			isa = PBXVariantGroup;
			children = (
				9D187334272F8370007D34FB /* Base */,
			);
			name = LaunchScreen.storyboard;
			sourceTree = "<group>";
		};
/* End PBXVariantGroup section */

/* Begin XCBuildConfiguration section */
		9D187337272F8370007D34FB /* Debug */ = {
			isa = XCBuildConfiguration;
			buildSettings = {
				ALWAYS_SEARCH_USER_PATHS = NO;
				CLANG_ANALYZER_NONNULL = YES;
				CLANG_ANALYZER_NUMBER_OBJECT_CONVERSION = YES_AGGRESSIVE;
				CLANG_CXX_LANGUAGE_STANDARD = "gnu++14";
				CLANG_CXX_LIBRARY = "libc++";
				CLANG_ENABLE_MODULES = YES;
				CLANG_ENABLE_OBJC_ARC = YES;
				CLANG_ENABLE_OBJC_WEAK = YES;
				CLANG_WARN_BLOCK_CAPTURE_AUTORELEASING = YES;
				CLANG_WARN_BOOL_CONVERSION = YES;
				CLANG_WARN_COMMA = YES;
				CLANG_WARN_CONSTANT_CONVERSION = YES;
				CLANG_WARN_DEPRECATED_OBJC_IMPLEMENTATIONS = YES;
				CLANG_WARN_DIRECT_OBJC_ISA_USAGE = YES_ERROR;
				CLANG_WARN_DOCUMENTATION_COMMENTS = YES;
				CLANG_WARN_EMPTY_BODY = YES;
				CLANG_WARN_ENUM_CONVERSION = YES;
				CLANG_WARN_INFINITE_RECURSION = YES;
				CLANG_WARN_INT_CONVERSION = YES;
				CLANG_WARN_NON_LITERAL_NULL_CONVERSION = YES;
				CLANG_WARN_OBJC_IMPLICIT_RETAIN_SELF = YES;
				CLANG_WARN_OBJC_LITERAL_CONVERSION = YES;
				CLANG_WARN_OBJC_ROOT_CLASS = YES_ERROR;
				CLANG_WARN_QUOTED_INCLUDE_IN_FRAMEWORK_HEADER = YES;
				CLANG_WARN_RANGE_LOOP_ANALYSIS = YES;
				CLANG_WARN_STRICT_PROTOTYPES = YES;
				CLANG_WARN_SUSPICIOUS_MOVE = YES;
				CLANG_WARN_UNGUARDED_AVAILABILITY = YES_AGGRESSIVE;
				CLANG_WARN_UNREACHABLE_CODE = YES;
				CLANG_WARN__DUPLICATE_METHOD_MATCH = YES;
				COPY_PHASE_STRIP = NO;
				DEBUG_INFORMATION_FORMAT = dwarf;
				ENABLE_STRICT_OBJC_MSGSEND = YES;
				ENABLE_TESTABILITY = YES;
				GCC_C_LANGUAGE_STANDARD = gnu11;
				GCC_DYNAMIC_NO_PIC = NO;
				GCC_NO_COMMON_BLOCKS = YES;
				GCC_OPTIMIZATION_LEVEL = 0;
				GCC_PREPROCESSOR_DEFINITIONS = (
					"DEBUG=1",
					"$(inherited)",
				);
				GCC_WARN_64_TO_32_BIT_CONVERSION = YES;
				GCC_WARN_ABOUT_RETURN_TYPE = YES_ERROR;
				GCC_WARN_UNDECLARED_SELECTOR = YES;
				GCC_WARN_UNINITIALIZED_AUTOS = YES_AGGRESSIVE;
				GCC_WARN_UNUSED_FUNCTION = YES;
				GCC_WARN_UNUSED_VARIABLE = YES;
				IPHONEOS_DEPLOYMENT_TARGET = 14.5;
				MTL_ENABLE_DEBUG_INFO = INCLUDE_SOURCE;
				MTL_FAST_MATH = YES;
				ONLY_ACTIVE_ARCH = YES;
				SDKROOT = iphoneos;
				SWIFT_ACTIVE_COMPILATION_CONDITIONS = DEBUG;
				SWIFT_OPTIMIZATION_LEVEL = "-Onone";
			};
			name = Debug;
		};
		9D187338272F8370007D34FB /* Release */ = {
			isa = XCBuildConfiguration;
			buildSettings = {
				ALWAYS_SEARCH_USER_PATHS = NO;
				CLANG_ANALYZER_NONNULL = YES;
				CLANG_ANALYZER_NUMBER_OBJECT_CONVERSION = YES_AGGRESSIVE;
				CLANG_CXX_LANGUAGE_STANDARD = "gnu++14";
				CLANG_CXX_LIBRARY = "libc++";
				CLANG_ENABLE_MODULES = YES;
				CLANG_ENABLE_OBJC_ARC = YES;
				CLANG_ENABLE_OBJC_WEAK = YES;
				CLANG_WARN_BLOCK_CAPTURE_AUTORELEASING = YES;
				CLANG_WARN_BOOL_CONVERSION = YES;
				CLANG_WARN_COMMA = YES;
				CLANG_WARN_CONSTANT_CONVERSION = YES;
				CLANG_WARN_DEPRECATED_OBJC_IMPLEMENTATIONS = YES;
				CLANG_WARN_DIRECT_OBJC_ISA_USAGE = YES_ERROR;
				CLANG_WARN_DOCUMENTATION_COMMENTS = YES;
				CLANG_WARN_EMPTY_BODY = YES;
				CLANG_WARN_ENUM_CONVERSION = YES;
				CLANG_WARN_INFINITE_RECURSION = YES;
				CLANG_WARN_INT_CONVERSION = YES;
				CLANG_WARN_NON_LITERAL_NULL_CONVERSION = YES;
				CLANG_WARN_OBJC_IMPLICIT_RETAIN_SELF = YES;
				CLANG_WARN_OBJC_LITERAL_CONVERSION = YES;
				CLANG_WARN_OBJC_ROOT_CLASS = YES_ERROR;
				CLANG_WARN_QUOTED_INCLUDE_IN_FRAMEWORK_HEADER = YES;
				CLANG_WARN_RANGE_LOOP_ANALYSIS = YES;
				CLANG_WARN_STRICT_PROTOTYPES = YES;
				CLANG_WARN_SUSPICIOUS_MOVE = YES;
				CLANG_WARN_UNGUARDED_AVAILABILITY = YES_AGGRESSIVE;
				CLANG_WARN_UNREACHABLE_CODE = YES;
				CLANG_WARN__DUPLICATE_METHOD_MATCH = YES;
				COPY_PHASE_STRIP = NO;
				DEBUG_INFORMATION_FORMAT = "dwarf-with-dsym";
				ENABLE_NS_ASSERTIONS = NO;
				ENABLE_STRICT_OBJC_MSGSEND = YES;
				GCC_C_LANGUAGE_STANDARD = gnu11;
				GCC_NO_COMMON_BLOCKS = YES;
				GCC_WARN_64_TO_32_BIT_CONVERSION = YES;
				GCC_WARN_ABOUT_RETURN_TYPE = YES_ERROR;
				GCC_WARN_UNDECLARED_SELECTOR = YES;
				GCC_WARN_UNINITIALIZED_AUTOS = YES_AGGRESSIVE;
				GCC_WARN_UNUSED_FUNCTION = YES;
				GCC_WARN_UNUSED_VARIABLE = YES;
				IPHONEOS_DEPLOYMENT_TARGET = 14.5;
				MTL_ENABLE_DEBUG_INFO = NO;
				MTL_FAST_MATH = YES;
				SDKROOT = iphoneos;
				SWIFT_COMPILATION_MODE = wholemodule;
				SWIFT_OPTIMIZATION_LEVEL = "-O";
				VALIDATE_PRODUCT = YES;
			};
			name = Release;
		};
		9D18733A272F8370007D34FB /* Debug */ = {
			isa = XCBuildConfiguration;
			baseConfigurationReference = B74CF6CBF8D6F9B733513C43 /* Pods-TabBarTest.debug.xcconfig */;
			buildSettings = {
				ASSETCATALOG_COMPILER_APPICON_NAME = AppIcon;
				ASSETCATALOG_COMPILER_GLOBAL_ACCENT_COLOR_NAME = AccentColor;
				CODE_SIGN_STYLE = Automatic;
				DEVELOPMENT_TEAM = PUPZPZ7XK4;
				INFOPLIST_FILE = TabBarTest/Info.plist;
				LD_QUOTE_LINKER_ARGUMENTS_FOR_COMPILER_DRIVER = YES;
				LD_RUNPATH_SEARCH_PATHS = (
					"$(inherited)",
					"@executable_path/Frameworks",
				);
				OTHER_LDFLAGS = (
					"$(inherited)",
					"-Objc",
					"-l\"c++\"",
					"-l\"c++.1\"",
					"-l\"resolv\"",
					"-l\"jverification-ios-2.7.6\"",
					"-l\"jcore-ios-3.1.0\"",
					"-l\"sqlite3\"",
					"-l\"sqlite3.0\"",
					"-l\"z\"",
					"-framework",
					"\"AMapFoundationKit\"",
					"-framework",
					"\"AMapLocationKit\"",
					"-framework",
					"\"AMapSearchKit\"",
					"-framework",
					"\"AVFoundation\"",
					"-framework",
					"\"Accelerate\"",
					"-framework",
					"\"Alamofire\"",
					"-framework",
					"\"AudioToolbox\"",
					"-framework",
					"\"CFNetwork\"",
					"-framework",
					"\"CHTCollectionViewWaterfallLayout\"",
					"-framework",
					"\"CoreAudio\"",
					"-framework",
					"\"CoreFoundation\"",
					"-framework",
					"\"CoreGraphics\"",
					"-framework",
					"\"CoreLocation\"",
					"-framework",
					"\"CoreTelephony\"",
					"-framework",
					"\"DateToolsSwift\"",
					"-framework",
					"\"DynamicBlurView\"",
					"-framework",
					"\"EAccountApiSDK\"",
					"-framework",
					"\"ESOneKeyLogin\"",
					"-framework",
					"\"ExternalAccessory\"",
					"-framework",
					"\"Foundation\"",
					"-framework",
					"\"GRDB\"",
					"-framework",
					"\"KMPlaceholderTextView\"",
					"-framework",
					"\"LeanCloud\"",
					"-framework",
					"\"MBProgressHUD\"",
					"-framework",
					"\"MJRefresh\"",
					"-framework",
					"\"MobileCoreServices\"",
					"-framework",
					"\"Network\"",
					"-framework",
					"\"OAuth\"",
					"-framework",
					"\"PopupDialog\"",
					"-framework",
					"\"PryntTrimmerView\"",
					"-framework",
					"\"QuartzCore\"",
					"-framework",
					"\"SKPhotoBrowser\"",
					"-framework",
					"\"Security\"",
					"-framework",
					"\"SnapKit\"",
					"-framework",
					"\"Stevia\"",
					"-framework",
					"\"SwiftProtobuf\"",
					"-framework",
					"\"SystemConfiguration\"",
					"-framework",
					"\"TYRZUISDK\"",
					"-framework",
					"\"UIKit\"",
					"-framework",
					"\"WebKit\"",
					"-framework",
					"\"XLPagerTabStrip\"",
					"-framework",
					"\"YPImagePicker\"",
					"-framework",
					"\"account_login_sdk_noui_core\"",
					"-weak_framework",
					"\"AppTrackingTransparency\"",
					"-weak_framework",
					"\"UserNotifications\"",
				);
				PRODUCT_BUNDLE_IDENTIFIER = xyz.longdy.blog.TabBarTest;
				PRODUCT_NAME = "$(TARGET_NAME)";
				SWIFT_OBJC_BRIDGING_HEADER = "TabBarTest/Pink-Header-Bridging.h";
				"SWIFT_OBJC_BRIDGING_HEADER[arch=*]" = "";
				SWIFT_VERSION = 5.0;
				TARGETED_DEVICE_FAMILY = "1,2";
			};
			name = Debug;
		};
		9D18733B272F8370007D34FB /* Release */ = {
			isa = XCBuildConfiguration;
			baseConfigurationReference = 9184926228C5FCB511272CDF /* Pods-TabBarTest.release.xcconfig */;
			buildSettings = {
				ASSETCATALOG_COMPILER_APPICON_NAME = AppIcon;
				ASSETCATALOG_COMPILER_GLOBAL_ACCENT_COLOR_NAME = AccentColor;
				CODE_SIGN_STYLE = Automatic;
				DEVELOPMENT_TEAM = PUPZPZ7XK4;
				INFOPLIST_FILE = TabBarTest/Info.plist;
				LD_QUOTE_LINKER_ARGUMENTS_FOR_COMPILER_DRIVER = YES;
				LD_RUNPATH_SEARCH_PATHS = (
					"$(inherited)",
					"@executable_path/Frameworks",
				);
				OTHER_LDFLAGS = (
					"$(inherited)",
					"-Objc",
					"-l\"c++\"",
					"-l\"c++.1\"",
					"-l\"resolv\"",
					"-l\"jverification-ios-2.7.6\"",
					"-l\"jcore-ios-3.1.0\"",
					"-l\"sqlite3\"",
					"-l\"sqlite3.0\"",
					"-l\"z\"",
					"-framework",
					"\"AMapFoundationKit\"",
					"-framework",
					"\"AMapLocationKit\"",
					"-framework",
					"\"AMapSearchKit\"",
					"-framework",
					"\"AVFoundation\"",
					"-framework",
					"\"Accelerate\"",
					"-framework",
					"\"Alamofire\"",
					"-framework",
					"\"AudioToolbox\"",
					"-framework",
					"\"CFNetwork\"",
					"-framework",
					"\"CHTCollectionViewWaterfallLayout\"",
					"-framework",
					"\"CoreAudio\"",
					"-framework",
					"\"CoreFoundation\"",
					"-framework",
					"\"CoreGraphics\"",
					"-framework",
					"\"CoreLocation\"",
					"-framework",
					"\"CoreTelephony\"",
					"-framework",
					"\"DateToolsSwift\"",
					"-framework",
					"\"DynamicBlurView\"",
					"-framework",
					"\"EAccountApiSDK\"",
					"-framework",
					"\"ESOneKeyLogin\"",
					"-framework",
					"\"ExternalAccessory\"",
					"-framework",
					"\"Foundation\"",
					"-framework",
					"\"GRDB\"",
					"-framework",
					"\"KMPlaceholderTextView\"",
					"-framework",
					"\"LeanCloud\"",
					"-framework",
					"\"MBProgressHUD\"",
					"-framework",
					"\"MJRefresh\"",
					"-framework",
					"\"MobileCoreServices\"",
					"-framework",
					"\"Network\"",
					"-framework",
					"\"OAuth\"",
					"-framework",
					"\"PopupDialog\"",
					"-framework",
					"\"PryntTrimmerView\"",
					"-framework",
					"\"QuartzCore\"",
					"-framework",
					"\"SKPhotoBrowser\"",
					"-framework",
					"\"Security\"",
					"-framework",
					"\"SnapKit\"",
					"-framework",
					"\"Stevia\"",
					"-framework",
					"\"SwiftProtobuf\"",
					"-framework",
					"\"SystemConfiguration\"",
					"-framework",
					"\"TYRZUISDK\"",
					"-framework",
					"\"UIKit\"",
					"-framework",
					"\"WebKit\"",
					"-framework",
					"\"XLPagerTabStrip\"",
					"-framework",
					"\"YPImagePicker\"",
					"-framework",
					"\"account_login_sdk_noui_core\"",
					"-weak_framework",
					"\"AppTrackingTransparency\"",
					"-weak_framework",
					"\"UserNotifications\"",
				);
				PRODUCT_BUNDLE_IDENTIFIER = xyz.longdy.blog.TabBarTest;
				PRODUCT_NAME = "$(TARGET_NAME)";
				SWIFT_OBJC_BRIDGING_HEADER = "TabBarTest/Pink-Header-Bridging.h";
				SWIFT_VERSION = 5.0;
				TARGETED_DEVICE_FAMILY = "1,2";
			};
			name = Release;
		};
/* End XCBuildConfiguration section */

/* Begin XCConfigurationList section */
		9D18731D272F836D007D34FB /* Build configuration list for PBXProject "TabBarTest" */ = {
			isa = XCConfigurationList;
			buildConfigurations = (
				9D187337272F8370007D34FB /* Debug */,
				9D187338272F8370007D34FB /* Release */,
			);
			defaultConfigurationIsVisible = 0;
			defaultConfigurationName = Release;
		};
		9D187339272F8370007D34FB /* Build configuration list for PBXNativeTarget "TabBarTest" */ = {
			isa = XCConfigurationList;
			buildConfigurations = (
				9D18733A272F8370007D34FB /* Debug */,
				9D18733B272F8370007D34FB /* Release */,
			);
			defaultConfigurationIsVisible = 0;
			defaultConfigurationName = Release;
		};
/* End XCConfigurationList section */

/* Begin XCVersionGroup section */
		9D18732E272F836D007D34FB /* TabBarTest.xcdatamodeld */ = {
			isa = XCVersionGroup;
			children = (
				9D18732F272F836D007D34FB /* TabBarTest.xcdatamodel */,
			);
			currentVersion = 9D18732F272F836D007D34FB /* TabBarTest.xcdatamodel */;
			path = TabBarTest.xcdatamodeld;
			sourceTree = "<group>";
			versionGroupType = wrapper.xcdatamodel;
		};
/* End XCVersionGroup section */
	};
	rootObject = 9D18731A272F836D007D34FB /* Project object */;
}
